
Microsoft Visual Studio Solution File, Format Version 12.00
# Visual Studio 15
VisualStudioVersion = 15.0.27004.2009
MinimumVisualStudioVersion = 10.0.40219.1
Project("{9A19103F-16F7-4668-BE54-9A1E7A4F7556}") = "asp.net-core-identity-server", "asp.net-core-identity-server\asp.net-core-identity-server.csproj", "{82E1E8B8-8220-4EA3-A088-1568B07FA6BC}"
EndProject
Project("{9A19103F-16F7-4668-BE54-9A1E7A4F7556}") = "asp.net-core-api", "asp.net-core-api\asp.net-core-api.csproj", "{56EB21E3-82E7-4C6C-9E4C-96F1FA32103E}"
EndProject
Project("{9A19103F-16F7-4668-BE54-9A1E7A4F7556}") = "asp.net-core-client", "asp.net-core-client\asp.net-core-client.csproj", "{130CA916-E9F2-4108-8A39-95B28C514465}"
EndProject
Project("{FAE04EC0-301F-11D3-BF4B-00C04F79EFBC}") = "asp.net-core-client-resource-owner", "asp.net-core-client-resource-owner\asp.net-core-client-resource-owner.csproj", "{8DB03113-CD2A-40BF-9708-6306AFE0AF91}"
EndProject
Project("{FAE04EC0-301F-11D3-BF4B-00C04F79EFBC}") = "asp.net-core-client-mvc", "asp.net-core-client-mvc\asp.net-core-client-mvc.csproj", "{62AD19DA-EB1C-47CF-873C-0D6472EE09BD}"
EndProject
Global
	GlobalSection(SolutionConfigurationPlatforms) = preSolution
		Debug|Any CPU = Debug|Any CPU
		Release|Any CPU = Release|Any CPU
	EndGlobalSection
	GlobalSection(ProjectConfigurationPlatforms) = postSolution
		{82E1E8B8-8220-4EA3-A088-1568B07FA6BC}.Debug|Any CPU.ActiveCfg = Debug|Any CPU
		{82E1E8B8-8220-4EA3-A088-1568B07FA6BC}.Debug|Any CPU.Build.0 = Debug|Any CPU
		{82E1E8B8-8220-4EA3-A088-1568B07FA6BC}.Release|Any CPU.ActiveCfg = Release|Any CPU
		{82E1E8B8-8220-4EA3-A088-1568B07FA6BC}.Release|Any CPU.Build.0 = Release|Any CPU
		{56EB21E3-82E7-4C6C-9E4C-96F1FA32103E}.Debug|Any CPU.ActiveCfg = Debug|Any CPU
		{56EB21E3-82E7-4C6C-9E4C-96F1FA32103E}.Debug|Any CPU.Build.0 = Debug|Any CPU
		{56EB21E3-82E7-4C6C-9E4C-96F1FA32103E}.Release|Any CPU.ActiveCfg = Release|Any CPU
		{56EB21E3-82E7-4C6C-9E4C-96F1FA32103E}.Release|Any CPU.Build.0 = Release|Any CPU
		{130CA916-E9F2-4108-8A39-95B28C514465}.Debug|Any CPU.ActiveCfg = Debug|Any CPU
		{130CA916-E9F2-4108-8A39-95B28C514465}.Debug|Any CPU.Build.0 = Debug|Any CPU
		{130CA916-E9F2-4108-8A39-95B28C514465}.Release|Any CPU.ActiveCfg = Release|Any CPU
		{130CA916-E9F2-4108-8A39-95B28C514465}.Release|Any CPU.Build.0 = Release|Any CPU
		{8DB03113-CD2A-40BF-9708-6306AFE0AF91}.Debug|Any CPU.ActiveCfg = Debug|Any CPU
		{8DB03113-CD2A-40BF-9708-6306AFE0AF91}.Debug|Any CPU.Build.0 = Debug|Any CPU
		{8DB03113-CD2A-40BF-9708-6306AFE0AF91}.Release|Any CPU.ActiveCfg = Release|Any CPU
		{8DB03113-CD2A-40BF-9708-6306AFE0AF91}.Release|Any CPU.Build.0 = Release|Any CPU
		{62AD19DA-EB1C-47CF-873C-0D6472EE09BD}.Debug|Any CPU.ActiveCfg = Debug|Any CPU
		{62AD19DA-EB1C-47CF-873C-0D6472EE09BD}.Debug|Any CPU.Build.0 = Debug|Any CPU
		{62AD19DA-EB1C-47CF-873C-0D6472EE09BD}.Release|Any CPU.ActiveCfg = Release|Any CPU
		{62AD19DA-EB1C-47CF-873C-0D6472EE09BD}.Release|Any CPU.Build.0 = Release|Any CPU
	EndGlobalSection
	GlobalSection(SolutionProperties) = preSolution
		HideSolutionNode = FALSE
	EndGlobalSection
	GlobalSection(ExtensibilityGlobals) = postSolution
		SolutionGuid = {8499EE74-62B6-4187-83DB-0C7CC35636BE}
	EndGlobalSection
EndGlobal
